
Microsoft Visual Studio Solution File, Format Version 12.00
# Visual Studio 15
VisualStudioVersion = 15.0.28010.2041
MinimumVisualStudioVersion = 10.0.40219.1
Project("{888888A0-9F3D-457C-B088-3A5042F75D52}") = "Tetris Clone", "Tetris Clone.pyproj", "{3313577A-C710-4E86-A669-E53D70D9A03C}"
EndProject
Global
	GlobalSection(SolutionConfigurationPlatforms) = preSolution
		Debug|Any CPU = Debug|Any CPU
		Release|Any CPU = Release|Any CPU
	EndGlobalSection
	GlobalSection(ProjectConfigurationPlatforms) = postSolution
		{3313577A-C710-4E86-A669-E53D70D9A03C}.Debug|Any CPU.ActiveCfg = Debug|Any CPU
		{3313577A-C710-4E86-A669-E53D70D9A03C}.Release|Any CPU.ActiveCfg = Release|Any CPU
	EndGlobalSection
	GlobalSection(SolutionProperties) = preSolution
		HideSolutionNode = FALSE
	EndGlobalSection
	GlobalSection(ExtensibilityGlobals) = postSolution
		SolutionGuid = {59D133F8-0077-4151-B57A-A32F651E5B11}
	EndGlobalSection
EndGlobal
